<?xml version="1.0" encoding="utf-8"?>
<Project ToolsVersion="4.0" xmlns="http://schemas.microsoft.com/developer/msbuild/2003">
  <ItemGroup>
    <Filter Include="Source Files">
      <UniqueIdentifier>{4FC737F1-C7A5-4376-A066-2A32D752A2FF}</UniqueIdentifier>
      <Extensions>cpp;c;cc;cxx;c++;cppm;ixx;def;odl;idl;hpj;bat;asm;asmx</Extensions>
    </Filter>
    <Filter Include="Header Files">
      <UniqueIdentifier>{93995380-89BD-4b04-88EB-625FBE52EBFB}</UniqueIdentifier>
      <Extensions>h;hh;hpp;hxx;h++;hm;inl;inc;ipp;xsd</Extensions>
    </Filter>
    <Filter Include="Resource Files">
      <UniqueIdentifier>{67DA6AB6-F800-4c08-8B7A-83BB121AAD01}</UniqueIdentifier>
      <Extensions>rc;ico;cur;bmp;dlg;rc2;rct;bin;rgs;gif;jpg;jpeg;jpe;resx;tiff;tif;png;wav;mfcribbon-ms</Extensions>
    </Filter>
    <Filter Include="Header Files\Object">
      <UniqueIdentifier>{2d40112c-a8c7-496f-922a-ddc6243499db}</UniqueIdentifier>
    </Filter>
    <Filter Include="Header Files\Player">
      <UniqueIdentifier>{2ad22465-3f25-4913-99c6-201211b2092f}</UniqueIdentifier>
    </Filter>
    <Filter Include="Header Files\Input">
      <UniqueIdentifier>{427c2fd3-a84d-48d2-a910-c188e4d37cb8}</UniqueIdentifier>
    </Filter>
    <Filter Include="Header Files\Menu">
      <UniqueIdentifier>{3a919c55-9a5f-43c2-8c20-fa838db20c42}</UniqueIdentifier>
    </Filter>
    <Filter Include="Header Files\Misc">
      <UniqueIdentifier>{bb6cfe00-1d4b-4c2a-89a5-d6721d010783}</UniqueIdentifier>
    </Filter>
    <Filter Include="Header Files\CollisionRender">
      <UniqueIdentifier>{a490c34f-e39e-4f96-9a98-55966f788f2d}</UniqueIdentifier>
    </Filter>
    <Filter Include="Header Files\Shared">
      <UniqueIdentifier>{82a8eba0-76a4-48f3-84cc-41561f871709}</UniqueIdentifier>
    </Filter>
    <Filter Include="Header Files\Game">
      <UniqueIdentifier>{da2c6957-e980-4553-9df1-03ca9224db17}</UniqueIdentifier>
    </Filter>
    <Filter Include="Header Files\Networking">
      <UniqueIdentifier>{9c0ac37d-2115-49c6-bb43-989733628719}</UniqueIdentifier>
    </Filter>
    <Filter Include="Source Files\CollisionRender">
      <UniqueIdentifier>{8fc60cfc-3c8a-45e0-bbdd-de9b3992a8ee}</UniqueIdentifier>
    </Filter>
    <Filter Include="Source Files\Game">
      <UniqueIdentifier>{3c59ff21-69b1-4413-8b2e-85a85596eec4}</UniqueIdentifier>
    </Filter>
    <Filter Include="Source Files\Input">
      <UniqueIdentifier>{d5a63896-bcaf-4d99-ad48-94e674a9fae3}</UniqueIdentifier>
    </Filter>
    <Filter Include="Source Files\Menu">
      <UniqueIdentifier>{6e27d2ab-fc83-4810-92cc-c15b92abfd6c}</UniqueIdentifier>
    </Filter>
    <Filter Include="Source Files\Misc">
      <UniqueIdentifier>{5c2bb847-0b99-4b08-b6a8-677b5cc4449f}</UniqueIdentifier>
    </Filter>
    <Filter Include="Source Files\Networking">
      <UniqueIdentifier>{a1a555dd-4a07-498e-9227-22a8515d02c2}</UniqueIdentifier>
    </Filter>
    <Filter Include="Source Files\Player">
      <UniqueIdentifier>{8ffad1b3-ee1b-4810-a77d-5a0e426ce7e5}</UniqueIdentifier>
    </Filter>
    <Filter Include="Source Files\Object">
      <UniqueIdentifier>{4085ba72-cff6-4b79-bcc3-e9297444fde2}</UniqueIdentifier>
    </Filter>
    <Filter Include="Source Files\Shared">
      <UniqueIdentifier>{16be644e-91bf-4866-be4a-d860c73a7b17}</UniqueIdentifier>
    </Filter>
    <Filter Include="Header Files\Spawn">
      <UniqueIdentifier>{87197551-9e58-4dbc-a82c-05448ff47b52}</UniqueIdentifier>
    </Filter>
    <Filter Include="Source Files\Spawn">
      <UniqueIdentifier>{aa99d34e-ef90-4c72-8233-b53cee897c9c}</UniqueIdentifier>
    </Filter>
    <Filter Include="Header Files\File">
      <UniqueIdentifier>{0c543654-67e1-4452-82f2-28df862b2e6c}</UniqueIdentifier>
    </Filter>
    <Filter Include="Source Files\File">
      <UniqueIdentifier>{0f41ef0c-1bb7-4934-a741-a3bd6cc27147}</UniqueIdentifier>
    </Filter>
  </ItemGroup>
  <ItemGroup>
    <ClCompile Include="ApplicationManager.cpp">
      <Filter>Source Files</Filter>
    </ClCompile>
    <ClCompile Include="Snake.cpp">
      <Filter>Source Files\Object</Filter>
    </ClCompile>
    <ClCompile Include="SceneObject.cpp">
      <Filter>Source Files\Object</Filter>
    </ClCompile>
    <ClCompile Include="ObjectManager.cpp">
      <Filter>Source Files\Object</Filter>
    </ClCompile>
    <ClCompile Include="Food.cpp">
      <Filter>Source Files\Object</Filter>
    </ClCompile>
    <ClCompile Include="Avatar.cpp">
      <Filter>Source Files\Player</Filter>
    </ClCompile>
    <ClCompile Include="BufferCell.cpp">
      <Filter>Source Files\Misc</Filter>
    </ClCompile>
    <ClCompile Include="TextLine.cpp">
      <Filter>Source Files\Misc</Filter>
    </ClCompile>
    <ClCompile Include="Tools.cpp">
      <Filter>Source Files\Misc</Filter>
    </ClCompile>
    <ClCompile Include="CollisionManager.cpp">
      <Filter>Source Files\CollisionRender</Filter>
    </ClCompile>
    <ClCompile Include="RenderManager.cpp">
      <Filter>Source Files\CollisionRender</Filter>
    </ClCompile>
    <ClCompile Include="GameManager.cpp">
      <Filter>Source Files\Game</Filter>
    </ClCompile>
    <ClCompile Include="GameRunManager.cpp">
      <Filter>Source Files\Game</Filter>
    </ClCompile>
    <ClCompile Include="SharedGame.cpp">
      <Filter>Source Files\Shared</Filter>
    </ClCompile>
    <ClCompile Include="SharedInput.cpp">
      <Filter>Source Files\Shared</Filter>
    </ClCompile>
    <ClCompile Include="InputManager.cpp">
      <Filter>Source Files\Input</Filter>
    </ClCompile>
    <ClCompile Include="InputReceiver.cpp">
      <Filter>Source Files\Input</Filter>
    </ClCompile>
    <ClCompile Include="MenuManager.cpp">
      <Filter>Source Files\Menu</Filter>
    </ClCompile>
    <ClCompile Include="MenuBase.cpp">
      <Filter>Source Files\Menu</Filter>
    </ClCompile>
    <ClCompile Include="NetworkManager.cpp">
      <Filter>Source Files\Networking</Filter>
    </ClCompile>
    <ClCompile Include="SpawnManager.cpp">
      <Filter>Source Files\Spawn</Filter>
    </ClCompile>
    <ClCompile Include="NoTouchy.cpp">
      <Filter>Source Files\Object</Filter>
    </ClCompile>
    <ClCompile Include="FileIOManager.cpp">
      <Filter>Source Files\File</Filter>
    </ClCompile>
    <ClCompile Include="Host.cpp">
      <Filter>Source Files\Networking</Filter>
    </ClCompile>
    <ClCompile Include="Client.cpp">
      <Filter>Source Files\Networking</Filter>
    </ClCompile>
    <ClCompile Include="Server.cpp">
      <Filter>Source Files\Networking</Filter>
    </ClCompile>
    <ClCompile Include="SharedNetwork.cpp">
      <Filter>Source Files\Shared</Filter>
    </ClCompile>
    <ClCompile Include="ClientStateMachine.cpp">
      <Filter>Source Files\Networking</Filter>
    </ClCompile>
  </ItemGroup>
  <ItemGroup>
    <ClInclude Include="InputManager.h">
      <Filter>Header Files\Input</Filter>
    </ClInclude>
    <ClInclude Include="InputReceiver.h">
      <Filter>Header Files\Input</Filter>
    </ClInclude>
    <ClInclude Include="MenuBase.h">
      <Filter>Header Files\Menu</Filter>
    </ClInclude>
    <ClInclude Include="LocalMultiplayerMenu.h">
      <Filter>Header Files\Menu</Filter>
    </ClInclude>
    <ClInclude Include="MultiplayerMenu.h">
      <Filter>Header Files\Menu</Filter>
    </ClInclude>
    <ClInclude Include="NetworkMenu.h">
      <Filter>Header Files\Menu</Filter>
    </ClInclude>
    <ClInclude Include="OptionsMenu.h">
      <Filter>Header Files\Menu</Filter>
    </ClInclude>
    <ClInclude Include="PauseMenu.h">
      <Filter>Header Files\Menu</Filter>
    </ClInclude>
    <ClInclude Include="HighScoreMenu.h">
      <Filter>Header Files\Menu</Filter>
    </ClInclude>
    <ClInclude Include="SinglePlayerMenu.h">
      <Filter>Header Files\Menu</Filter>
    </ClInclude>
    <ClInclude Include="WelcomeMenu.h">
      <Filter>Header Files\Menu</Filter>
    </ClInclude>
    <ClInclude Include="Food.h">
      <Filter>Header Files\Object</Filter>
    </ClInclude>
    <ClInclude Include="Snake.h">
      <Filter>Header Files\Object</Filter>
    </ClInclude>
    <ClInclude Include="ObjectManager.h">
      <Filter>Header Files\Object</Filter>
    </ClInclude>
    <ClInclude Include="SceneObject.h">
      <Filter>Header Files\Object</Filter>
    </ClInclude>
    <ClInclude Include="Consts.h">
      <Filter>Header Files\Misc</Filter>
    </ClInclude>
    <ClInclude Include="DList.h">
      <Filter>Header Files\Misc</Filter>
    </ClInclude>
    <ClInclude Include="Enums.h">
      <Filter>Header Files\Misc</Filter>
    </ClInclude>
    <ClInclude Include="Structure.h">
      <Filter>Header Files\Misc</Filter>
    </ClInclude>
    <ClInclude Include="TextLine.h">
      <Filter>Header Files\Misc</Filter>
    </ClInclude>
    <ClInclude Include="Tools.h">
      <Filter>Header Files\Misc</Filter>
    </ClInclude>
    <ClInclude Include="BufferCell.h">
      <Filter>Header Files\Misc</Filter>
    </ClInclude>
    <ClInclude Include="RenderManager.h">
      <Filter>Header Files\CollisionRender</Filter>
    </ClInclude>
    <ClInclude Include="CollisionManager.h">
      <Filter>Header Files\CollisionRender</Filter>
    </ClInclude>
    <ClInclude Include="ExitMenu.h">
      <Filter>Header Files\Menu</Filter>
    </ClInclude>
    <ClInclude Include="MenuManager.h">
      <Filter>Header Files\Menu</Filter>
    </ClInclude>
    <ClInclude Include="MainMenu.h">
      <Filter>Header Files\Menu</Filter>
    </ClInclude>
    <ClInclude Include="SharedGame.h">
      <Filter>Header Files\Shared</Filter>
    </ClInclude>
    <ClInclude Include="SharedInput.h">
      <Filter>Header Files\Shared</Filter>
    </ClInclude>
    <ClInclude Include="GameManager.h">
      <Filter>Header Files\Game</Filter>
    </ClInclude>
    <ClInclude Include="GameRunManager.h">
      <Filter>Header Files\Game</Filter>
    </ClInclude>
    <ClInclude Include="GameThreadBase.h">
      <Filter>Header Files\Game</Filter>
    </ClInclude>
    <ClInclude Include="Avatar.h">
      <Filter>Header Files\Player</Filter>
    </ClInclude>
    <ClInclude Include="NetworkManager.h">
      <Filter>Header Files\Networking</Filter>
    </ClInclude>
    <ClInclude Include="SpawnManager.h">
      <Filter>Header Files\Spawn</Filter>
    </ClInclude>
    <ClInclude Include="NoTouchy.h">
      <Filter>Header Files\Object</Filter>
    </ClInclude>
    <ClInclude Include="FileIOManager.h">
      <Filter>Header Files\File</Filter>
    </ClInclude>
    <ClInclude Include="ResultsMultiMenu.h">
      <Filter>Header Files\Menu</Filter>
    </ClInclude>
    <ClInclude Include="NewHighScoreMenu.h">
      <Filter>Header Files\Menu</Filter>
    </ClInclude>
    <ClInclude Include="DynamicTextMenu.h">
      <Filter>Header Files\Menu</Filter>
    </ClInclude>
    <ClInclude Include="Queue.h">
      <Filter>Header Files\Misc</Filter>
    </ClInclude>
    <ClInclude Include="Host.h">
      <Filter>Header Files\Networking</Filter>
    </ClInclude>
    <ClInclude Include="Client.h">
      <Filter>Header Files\Networking</Filter>
    </ClInclude>
    <ClInclude Include="Server.h">
      <Filter>Header Files\Networking</Filter>
    </ClInclude>
    <ClInclude Include="ClientWaitMenu.h">
      <Filter>Header Files\Menu</Filter>
    </ClInclude>
    <ClInclude Include="ServerSearchMenu.h">
      <Filter>Header Files\Menu</Filter>
    </ClInclude>
    <ClInclude Include="NetworkSearchMenu.h">
      <Filter>Header Files\Menu</Filter>
    </ClInclude>
    <ClInclude Include="SharedNetwork.h">
      <Filter>Header Files\Shared</Filter>
    </ClInclude>
    <ClInclude Include="Defines.h">
      <Filter>Header Files\Misc</Filter>
    </ClInclude>
    <ClInclude Include="ClientStateMachine.h">
      <Filter>Header Files\Networking</Filter>
    </ClInclude>
  </ItemGroup>
</Project>